
Microsoft Visual Studio Solution File, Format Version 12.00
# Visual Studio Version 16
VisualStudioVersion = 16.0.31313.79
MinimumVisualStudioVersion = 10.0.40219.1
Project("{FAE04EC0-301F-11D3-BF4B-00C04F79EFBC}") = "15. Random-Numbers", "15. Random-Numbers.csproj", "{AF2CF5F8-311A-4771-9233-08284FC99CA3}"
EndProject
Global
	GlobalSection(SolutionConfigurationPlatforms) = preSolution
		Debug|Any CPU = Debug|Any CPU
		Release|Any CPU = Release|Any CPU
	EndGlobalSection
	GlobalSection(ProjectConfigurationPlatforms) = postSolution
		{AF2CF5F8-311A-4771-9233-08284FC99CA3}.Debug|Any CPU.ActiveCfg = Debug|Any CPU
		{AF2CF5F8-311A-4771-9233-08284FC99CA3}.Debug|Any CPU.Build.0 = Debug|Any CPU
		{AF2CF5F8-311A-4771-9233-08284FC99CA3}.Release|Any CPU.ActiveCfg = Release|Any CPU
		{AF2CF5F8-311A-4771-9233-08284FC99CA3}.Release|Any CPU.Build.0 = Release|Any CPU
	EndGlobalSection
	GlobalSection(SolutionProperties) = preSolution
		HideSolutionNode = FALSE
	EndGlobalSection
	GlobalSection(ExtensibilityGlobals) = postSolution
		SolutionGuid = {196FCC5B-5B76-441B-807D-6044A28AF8D3}
	EndGlobalSection
EndGlobal
