
Microsoft Visual Studio Solution File, Format Version 12.00
# Visual Studio Version 16
VisualStudioVersion = 16.0.31313.79
MinimumVisualStudioVersion = 10.0.40219.1
Project("{FAE04EC0-301F-11D3-BF4B-00C04F79EFBC}") = "HashTables", "HashTables.csproj", "{51863FBE-E165-4CBA-92C0-3C48986A2D91}"
EndProject
Global
	GlobalSection(SolutionConfigurationPlatforms) = preSolution
		Debug|Any CPU = Debug|Any CPU
		Release|Any CPU = Release|Any CPU
	EndGlobalSection
	GlobalSection(ProjectConfigurationPlatforms) = postSolution
		{51863FBE-E165-4CBA-92C0-3C48986A2D91}.Debug|Any CPU.ActiveCfg = Debug|Any CPU
		{51863FBE-E165-4CBA-92C0-3C48986A2D91}.Debug|Any CPU.Build.0 = Debug|Any CPU
		{51863FBE-E165-4CBA-92C0-3C48986A2D91}.Release|Any CPU.ActiveCfg = Release|Any CPU
		{51863FBE-E165-4CBA-92C0-3C48986A2D91}.Release|Any CPU.Build.0 = Release|Any CPU
	EndGlobalSection
	GlobalSection(SolutionProperties) = preSolution
		HideSolutionNode = FALSE
	EndGlobalSection
	GlobalSection(ExtensibilityGlobals) = postSolution
		SolutionGuid = {3ADB3ACE-DAF2-49A5-9B0F-8F75942C3058}
	EndGlobalSection
EndGlobal
