
Microsoft Visual Studio Solution File, Format Version 12.00
# Visual Studio Version 16
VisualStudioVersion = 16.0.31313.79
MinimumVisualStudioVersion = 10.0.40219.1
Project("{FAE04EC0-301F-11D3-BF4B-00C04F79EFBC}") = "ArrayList", "ArrayList.csproj", "{DCABD798-EBDF-4B41-ACC5-324C7F453615}"
EndProject
Global
	GlobalSection(SolutionConfigurationPlatforms) = preSolution
		Debug|Any CPU = Debug|Any CPU
		Release|Any CPU = Release|Any CPU
	EndGlobalSection
	GlobalSection(ProjectConfigurationPlatforms) = postSolution
		{DCABD798-EBDF-4B41-ACC5-324C7F453615}.Debug|Any CPU.ActiveCfg = Debug|Any CPU
		{DCABD798-EBDF-4B41-ACC5-324C7F453615}.Debug|Any CPU.Build.0 = Debug|Any CPU
		{DCABD798-EBDF-4B41-ACC5-324C7F453615}.Release|Any CPU.ActiveCfg = Release|Any CPU
		{DCABD798-EBDF-4B41-ACC5-324C7F453615}.Release|Any CPU.Build.0 = Release|Any CPU
	EndGlobalSection
	GlobalSection(SolutionProperties) = preSolution
		HideSolutionNode = FALSE
	EndGlobalSection
	GlobalSection(ExtensibilityGlobals) = postSolution
		SolutionGuid = {66205A6F-5FFD-481C-AB47-7749FD76A3F9}
	EndGlobalSection
EndGlobal
