
Microsoft Visual Studio Solution File, Format Version 12.00
# Visual Studio Version 16
VisualStudioVersion = 16.0.31313.79
MinimumVisualStudioVersion = 10.0.40219.1
Project("{FAE04EC0-301F-11D3-BF4B-00C04F79EFBC}") = "FileFileInfo", "FileFileInfo.csproj", "{186D0DF3-6FA7-4A37-88BC-820F2EDBEE6D}"
EndProject
Global
	GlobalSection(SolutionConfigurationPlatforms) = preSolution
		Debug|Any CPU = Debug|Any CPU
		Release|Any CPU = Release|Any CPU
	EndGlobalSection
	GlobalSection(ProjectConfigurationPlatforms) = postSolution
		{186D0DF3-6FA7-4A37-88BC-820F2EDBEE6D}.Debug|Any CPU.ActiveCfg = Debug|Any CPU
		{186D0DF3-6FA7-4A37-88BC-820F2EDBEE6D}.Debug|Any CPU.Build.0 = Debug|Any CPU
		{186D0DF3-6FA7-4A37-88BC-820F2EDBEE6D}.Release|Any CPU.ActiveCfg = Release|Any CPU
		{186D0DF3-6FA7-4A37-88BC-820F2EDBEE6D}.Release|Any CPU.Build.0 = Release|Any CPU
	EndGlobalSection
	GlobalSection(SolutionProperties) = preSolution
		HideSolutionNode = FALSE
	EndGlobalSection
	GlobalSection(ExtensibilityGlobals) = postSolution
		SolutionGuid = {1A639B5C-AEF4-4C5C-ABFE-657027D4811A}
	EndGlobalSection
EndGlobal
