
Microsoft Visual Studio Solution File, Format Version 12.00
# Visual Studio Version 16
VisualStudioVersion = 16.0.31313.79
MinimumVisualStudioVersion = 10.0.40219.1
Project("{FAE04EC0-301F-11D3-BF4B-00C04F79EFBC}") = "Tuple", "Tuple.csproj", "{B308E6E2-FD26-4CE1-BBD8-64B2A7757BE6}"
EndProject
Global
	GlobalSection(SolutionConfigurationPlatforms) = preSolution
		Debug|Any CPU = Debug|Any CPU
		Release|Any CPU = Release|Any CPU
	EndGlobalSection
	GlobalSection(ProjectConfigurationPlatforms) = postSolution
		{B308E6E2-FD26-4CE1-BBD8-64B2A7757BE6}.Debug|Any CPU.ActiveCfg = Debug|Any CPU
		{B308E6E2-FD26-4CE1-BBD8-64B2A7757BE6}.Debug|Any CPU.Build.0 = Debug|Any CPU
		{B308E6E2-FD26-4CE1-BBD8-64B2A7757BE6}.Release|Any CPU.ActiveCfg = Release|Any CPU
		{B308E6E2-FD26-4CE1-BBD8-64B2A7757BE6}.Release|Any CPU.Build.0 = Release|Any CPU
	EndGlobalSection
	GlobalSection(SolutionProperties) = preSolution
		HideSolutionNode = FALSE
	EndGlobalSection
	GlobalSection(ExtensibilityGlobals) = postSolution
		SolutionGuid = {C3539D13-1166-4F5A-979B-42A522CF2C0A}
	EndGlobalSection
EndGlobal
